
Microsoft Visual Studio Solution File, Format Version 12.00
# Visual Studio Version 17
VisualStudioVersion = 17.12.35527.113
MinimumVisualStudioVersion = 10.0.40219.1
Project("{FAE04EC0-301F-11D3-BF4B-00C04F79EFBC}") = "Recipes", "Recepies\Recipes.csproj", "{B289FB71-3387-4807-97D9-8B631181C688}"
EndProject
Global
	GlobalSection(SolutionConfigurationPlatforms) = preSolution
		Debug|Any CPU = Debug|Any CPU
		Release|Any CPU = Release|Any CPU
	EndGlobalSection
	GlobalSection(ProjectConfigurationPlatforms) = postSolution
		{B289FB71-3387-4807-97D9-8B631181C688}.Debug|Any CPU.ActiveCfg = Debug|Any CPU
		{B289FB71-3387-4807-97D9-8B631181C688}.Debug|Any CPU.Build.0 = Debug|Any CPU
		{B289FB71-3387-4807-97D9-8B631181C688}.Release|Any CPU.ActiveCfg = Release|Any CPU
		{B289FB71-3387-4807-97D9-8B631181C688}.Release|Any CPU.Build.0 = Release|Any CPU
	EndGlobalSection
	GlobalSection(SolutionProperties) = preSolution
		HideSolutionNode = FALSE
	EndGlobalSection
EndGlobal
